# THIS IS AN AUTOGENERATED FILE. DO NOT EDIT THIS FILE DIRECTLY.
# yarn lockfile v1


css-tree@1.0.0-alpha.37:
  version "1.0.0-alpha.37"
  resolved "https://registry.yarnpkg.com/css-tree/-/css-tree-1.0.0-alpha.37.tgz#98bebd62c4c1d9f960ec340cf9f7522e30709a22"
  integrity sha512-DMxWJg0rnz7UgxKT0Q1HU/L9BeJI0M6ksor0OgqOnF+aRCDWg/N2641HmVyU9KVIu0OVVWOb2IpC9A+BJRnejg==
  dependencies:
    mdn-data "2.0.4"
    source-map "^0.6.1"

csso@^4.0.2:
  version "4.0.2"
  resolved "https://registry.yarnpkg.com/csso/-/csso-4.0.2.tgz#e5f81ab3a56b8eefb7f0092ce7279329f454de3d"
  integrity sha512-kS7/oeNVXkHWxby5tHVxlhjizRCSv8QdU7hB2FpdAibDU8FjTAolhNjKNTiLzXtUrKT6HwClE81yXwEk1309wg==
  dependencies:
    css-tree "1.0.0-alpha.37"

mdn-data@2.0.4:
  version "2.0.4"
  resolved "https://registry.yarnpkg.com/mdn-data/-/mdn-data-2.0.4.tgz#699b3c38ac6f1d728091a64650b65d388502fd5b"
  integrity sha512-iV3XNKw06j5Q7mi6h+9vbx23Tv7JkjEVgKHW4pimwyDGWm0OIQntJJ+u1C6mg6mK1EaTv42XQ7w76yuzH7M2cA==

source-map@^0.6.1:
  version "0.6.1"
  resolved "https://registry.yarnpkg.com/source-map/-/source-map-0.6.1.tgz#74722af32e9614e9c287a8d0bbde48b5e2f1a263"
  integrity sha512-UjgapumWlbMhkBgzT7Ykc5YXUT46F0iKu8SGXq0bcwP5dz/h0Plj6enJqjz1Zbq2l5WaqYnrVbwWOWMyF3F47g==
